
Microsoft Visual Studio Solution File, Format Version 12.00
# Visual Studio Version 17
VisualStudioVersion = 17.12.35527.113 d17.12
MinimumVisualStudioVersion = 10.0.40219.1
Project("{FAE04EC0-301F-11D3-BF4B-00C04F79EFBC}") = "Hajok", "Hajok\Hajok.csproj", "{728A2B67-EA66-45CC-9A44-4C68D16A2F8B}"
EndProject
Global
	GlobalSection(SolutionConfigurationPlatforms) = preSolution
		Debug|Any CPU = Debug|Any CPU
		Release|Any CPU = Release|Any CPU
	EndGlobalSection
	GlobalSection(ProjectConfigurationPlatforms) = postSolution
		{728A2B67-EA66-45CC-9A44-4C68D16A2F8B}.Debug|Any CPU.ActiveCfg = Debug|Any CPU
		{728A2B67-EA66-45CC-9A44-4C68D16A2F8B}.Debug|Any CPU.Build.0 = Debug|Any CPU
		{728A2B67-EA66-45CC-9A44-4C68D16A2F8B}.Release|Any CPU.ActiveCfg = Release|Any CPU
		{728A2B67-EA66-45CC-9A44-4C68D16A2F8B}.Release|Any CPU.Build.0 = Release|Any CPU
	EndGlobalSection
	GlobalSection(SolutionProperties) = preSolution
		HideSolutionNode = FALSE
	EndGlobalSection
EndGlobal
